// !$*UTF8*$!
{
	archiveVersion = 1;
	classes = {
	};
	objectVersion = 46;
	objects = {

/* Begin PBXBuildFile section */
		72DFCBAB19D753DB00CEFE6B /* Game.swift in Sources */ = {isa = PBXBuildFile; fileRef = 72DFCBAA19D753DB00CEFE6B /* Game.swift */; };
		72DFCBAD19D7556000CEFE6B /* GCHelper.swift in Sources */ = {isa = PBXBuildFile; fileRef = 72DFCBAC19D7556000CEFE6B /* GCHelper.swift */; };
		72DFCBAF19D775E000CEFE6B /* Deck.swift in Sources */ = {isa = PBXBuildFile; fileRef = 72DFCBAE19D775E000CEFE6B /* Deck.swift */; };
		72DFCBB219D778BC00CEFE6B /* Answers.txt in Resources */ = {isa = PBXBuildFile; fileRef = 72DFCBB019D778BC00CEFE6B /* Answers.txt */; };
		72DFCBB319D778BC00CEFE6B /* Questions.txt in Resources */ = {isa = PBXBuildFile; fileRef = 72DFCBB119D778BC00CEFE6B /* Questions.txt */; };
		72DFCBB519D77CA500CEFE6B /* Card.swift in Sources */ = {isa = PBXBuildFile; fileRef = 72DFCBB419D77CA500CEFE6B /* Card.swift */; };
		72DFCBB919D7898B00CEFE6B /* TurnData.swift in Sources */ = {isa = PBXBuildFile; fileRef = 72DFCBB819D7898B00CEFE6B /* TurnData.swift */; };
		9BF4545919D78D390097F126 /* GameController.swift in Sources */ = {isa = PBXBuildFile; fileRef = 9BF4545119D78D390097F126 /* GameController.swift */; };
		9BF4545A19D78D390097F126 /* LoginViewController.swift in Sources */ = {isa = PBXBuildFile; fileRef = 9BF4545219D78D390097F126 /* LoginViewController.swift */; };
		9BF4545B19D78D390097F126 /* AnswerCardViewCell.xib in Resources */ = {isa = PBXBuildFile; fileRef = 9BF4545319D78D390097F126 /* AnswerCardViewCell.xib */; };
		9BF4545C19D78D390097F126 /* AnswerCollectionViewController.xib in Resources */ = {isa = PBXBuildFile; fileRef = 9BF4545419D78D390097F126 /* AnswerCollectionViewController.xib */; };
		9BF4545D19D78D390097F126 /* AnswerCollectionViewController.swift in Sources */ = {isa = PBXBuildFile; fileRef = 9BF4545519D78D390097F126 /* AnswerCollectionViewController.swift */; };
		9BF4545E19D78D390097F126 /* AnswerCollectionViewFlowLayout.swift in Sources */ = {isa = PBXBuildFile; fileRef = 9BF4545619D78D390097F126 /* AnswerCollectionViewFlowLayout.swift */; };
		9BF4545F19D78D390097F126 /* UIColorUtils.swift in Sources */ = {isa = PBXBuildFile; fileRef = 9BF4545719D78D390097F126 /* UIColorUtils.swift */; };
		9BF4546019D78D390097F126 /* AnswerCardViewCell.swift in Sources */ = {isa = PBXBuildFile; fileRef = 9BF4545819D78D390097F126 /* AnswerCardViewCell.swift */; };
		BE46619319D7696F00967F9C /* AnswerCollectionViewFlowLayout.swift in Sources */ = {isa = PBXBuildFile; fileRef = BE46619219D7696F00967F9C /* AnswerCollectionViewFlowLayout.swift */; };
		BEA86C5719D74884002818F4 /* AppDelegate.swift in Sources */ = {isa = PBXBuildFile; fileRef = BEA86C5619D74884002818F4 /* AppDelegate.swift */; };
		BEA86C5C19D74884002818F4 /* Main.storyboard in Resources */ = {isa = PBXBuildFile; fileRef = BEA86C5A19D74884002818F4 /* Main.storyboard */; };
		BEA86C5E19D74884002818F4 /* Images.xcassets in Resources */ = {isa = PBXBuildFile; fileRef = BEA86C5D19D74884002818F4 /* Images.xcassets */; };
		BEA86C6119D74884002818F4 /* LaunchScreen.xib in Resources */ = {isa = PBXBuildFile; fileRef = BEA86C5F19D74884002818F4 /* LaunchScreen.xib */; };
		BEA86C6D19D74884002818F4 /* Swift_Against_HumanityTests.swift in Sources */ = {isa = PBXBuildFile; fileRef = BEA86C6C19D74884002818F4 /* Swift_Against_HumanityTests.swift */; };
		BEA86C7719D74948002818F4 /* GameKit.framework in Frameworks */ = {isa = PBXBuildFile; fileRef = BEA86C7619D74948002818F4 /* GameKit.framework */; };
/* End PBXBuildFile section */

/* Begin PBXContainerItemProxy section */
		BEA86C6719D74884002818F4 /* PBXContainerItemProxy */ = {
			isa = PBXContainerItemProxy;
			containerPortal = BEA86C4919D74884002818F4 /* Project object */;
			proxyType = 1;
			remoteGlobalIDString = BEA86C5019D74884002818F4;
			remoteInfo = "Swift Against Humanity";
		};
/* End PBXContainerItemProxy section */

/* Begin PBXFileReference section */
		72DFCBAA19D753DB00CEFE6B /* Game.swift */ = {isa = PBXFileReference; fileEncoding = 4; lastKnownFileType = sourcecode.swift; path = Game.swift; sourceTree = "<group>"; };
		72DFCBAC19D7556000CEFE6B /* GCHelper.swift */ = {isa = PBXFileReference; fileEncoding = 4; lastKnownFileType = sourcecode.swift; path = GCHelper.swift; sourceTree = "<group>"; };
		72DFCBAE19D775E000CEFE6B /* Deck.swift */ = {isa = PBXFileReference; fileEncoding = 4; lastKnownFileType = sourcecode.swift; path = Deck.swift; sourceTree = "<group>"; };
		72DFCBB019D778BC00CEFE6B /* Answers.txt */ = {isa = PBXFileReference; fileEncoding = 4; lastKnownFileType = text; path = Answers.txt; sourceTree = "<group>"; };
		72DFCBB119D778BC00CEFE6B /* Questions.txt */ = {isa = PBXFileReference; fileEncoding = 4; lastKnownFileType = text; path = Questions.txt; sourceTree = "<group>"; };
		72DFCBB419D77CA500CEFE6B /* Card.swift */ = {isa = PBXFileReference; fileEncoding = 4; lastKnownFileType = sourcecode.swift; path = Card.swift; sourceTree = "<group>"; };
		72DFCBB819D7898B00CEFE6B /* TurnData.swift */ = {isa = PBXFileReference; fileEncoding = 4; lastKnownFileType = sourcecode.swift; path = TurnData.swift; sourceTree = "<group>"; };
		9BF4545119D78D390097F126 /* GameController.swift */ = {isa = PBXFileReference; fileEncoding = 4; lastKnownFileType = sourcecode.swift; path = GameController.swift; sourceTree = "<group>"; };
		9BF4545219D78D390097F126 /* LoginViewController.swift */ = {isa = PBXFileReference; fileEncoding = 4; lastKnownFileType = sourcecode.swift; path = LoginViewController.swift; sourceTree = "<group>"; };
		9BF4545319D78D390097F126 /* AnswerCardViewCell.xib */ = {isa = PBXFileReference; fileEncoding = 4; lastKnownFileType = file.xib; path = AnswerCardViewCell.xib; sourceTree = "<group>"; };
		9BF4545419D78D390097F126 /* AnswerCollectionViewController.xib */ = {isa = PBXFileReference; fileEncoding = 4; lastKnownFileType = file.xib; path = AnswerCollectionViewController.xib; sourceTree = "<group>"; };
		9BF4545519D78D390097F126 /* AnswerCollectionViewController.swift */ = {isa = PBXFileReference; fileEncoding = 4; lastKnownFileType = sourcecode.swift; path = AnswerCollectionViewController.swift; sourceTree = "<group>"; };
		9BF4545619D78D390097F126 /* AnswerCollectionViewFlowLayout.swift */ = {isa = PBXFileReference; fileEncoding = 4; lastKnownFileType = sourcecode.swift; path = AnswerCollectionViewFlowLayout.swift; sourceTree = "<group>"; };
		9BF4545719D78D390097F126 /* UIColorUtils.swift */ = {isa = PBXFileReference; fileEncoding = 4; lastKnownFileType = sourcecode.swift; path = UIColorUtils.swift; sourceTree = "<group>"; };
		9BF4545819D78D390097F126 /* AnswerCardViewCell.swift */ = {isa = PBXFileReference; fileEncoding = 4; lastKnownFileType = sourcecode.swift; path = AnswerCardViewCell.swift; sourceTree = "<group>"; };
		BE46619019D7644000967F9C /* Media.xcassets */ = {isa = PBXFileReference; lastKnownFileType = folder.assetcatalog; path = Media.xcassets; sourceTree = "<group>"; };
		BE46619219D7696F00967F9C /* AnswerCollectionViewFlowLayout.swift */ = {isa = PBXFileReference; fileEncoding = 4; lastKnownFileType = sourcecode.swift; path = AnswerCollectionViewFlowLayout.swift; sourceTree = "<group>"; };
		BE46619419D7728C00967F9C /* UIColorUtils.swift */ = {isa = PBXFileReference; fileEncoding = 4; lastKnownFileType = sourcecode.swift; path = UIColorUtils.swift; sourceTree = "<group>"; };
		BE46619819D79BEE00967F9C /* LoginViewController.swift */ = {isa = PBXFileReference; lastKnownFileType = sourcecode.swift; name = LoginViewController.swift; path = "Swift Against Humanity/LoginViewController.swift"; sourceTree = "<group>"; };
		BEA86C5119D74884002818F4 /* Swift Against Humanity.app */ = {isa = PBXFileReference; explicitFileType = wrapper.application; includeInIndex = 0; path = "Swift Against Humanity.app"; sourceTree = BUILT_PRODUCTS_DIR; };
		BEA86C5519D74884002818F4 /* Info.plist */ = {isa = PBXFileReference; lastKnownFileType = text.plist.xml; path = Info.plist; sourceTree = "<group>"; };
		BEA86C5619D74884002818F4 /* AppDelegate.swift */ = {isa = PBXFileReference; lastKnownFileType = sourcecode.swift; path = AppDelegate.swift; sourceTree = "<group>"; };
		BEA86C5B19D74884002818F4 /* Base */ = {isa = PBXFileReference; lastKnownFileType = file.storyboard; name = Base; path = Base.lproj/Main.storyboard; sourceTree = "<group>"; };
		BEA86C5D19D74884002818F4 /* Images.xcassets */ = {isa = PBXFileReference; lastKnownFileType = folder.assetcatalog; path = Images.xcassets; sourceTree = "<group>"; };
		BEA86C6019D74884002818F4 /* Base */ = {isa = PBXFileReference; lastKnownFileType = file.xib; name = Base; path = Base.lproj/LaunchScreen.xib; sourceTree = "<group>"; };
		BEA86C6619D74884002818F4 /* Swift Against HumanityTests.xctest */ = {isa = PBXFileReference; explicitFileType = wrapper.cfbundle; includeInIndex = 0; path = "Swift Against HumanityTests.xctest"; sourceTree = BUILT_PRODUCTS_DIR; };
		BEA86C6B19D74884002818F4 /* Info.plist */ = {isa = PBXFileReference; lastKnownFileType = text.plist.xml; path = Info.plist; sourceTree = "<group>"; };
		BEA86C6C19D74884002818F4 /* Swift_Against_HumanityTests.swift */ = {isa = PBXFileReference; lastKnownFileType = sourcecode.swift; path = Swift_Against_HumanityTests.swift; sourceTree = "<group>"; };
		BEA86C7619D74948002818F4 /* GameKit.framework */ = {isa = PBXFileReference; lastKnownFileType = wrapper.framework; name = GameKit.framework; path = System/Library/Frameworks/GameKit.framework; sourceTree = SDKROOT; };
/* End PBXFileReference section */

/* Begin PBXFrameworksBuildPhase section */
		BEA86C4E19D74884002818F4 /* Frameworks */ = {
			isa = PBXFrameworksBuildPhase;
			buildActionMask = 2147483647;
			files = (
				BEA86C7719D74948002818F4 /* GameKit.framework in Frameworks */,
			);
			runOnlyForDeploymentPostprocessing = 0;
		};
		BEA86C6319D74884002818F4 /* Frameworks */ = {
			isa = PBXFrameworksBuildPhase;
			buildActionMask = 2147483647;
			files = (
			);
			runOnlyForDeploymentPostprocessing = 0;
		};
/* End PBXFrameworksBuildPhase section */

/* Begin PBXGroup section */
		BEA86C4819D74884002818F4 = {
			isa = PBXGroup;
			children = (
				BE46619819D79BEE00967F9C /* LoginViewController.swift */,
				BEA86C7619D74948002818F4 /* GameKit.framework */,
				BEA86C5319D74884002818F4 /* Swift Against Humanity */,
				BEA86C6919D74884002818F4 /* Swift Against HumanityTests */,
				BEA86C5219D74884002818F4 /* Products */,
			);
			sourceTree = "<group>";
		};
		BEA86C5219D74884002818F4 /* Products */ = {
			isa = PBXGroup;
			children = (
				BEA86C5119D74884002818F4 /* Swift Against Humanity.app */,
				BEA86C6619D74884002818F4 /* Swift Against HumanityTests.xctest */,
			);
			name = Products;
			sourceTree = "<group>";
		};
		BEA86C5319D74884002818F4 /* Swift Against Humanity */ = {
			isa = PBXGroup;
			children = (
				9BF4545119D78D390097F126 /* GameController.swift */,
				9BF4545219D78D390097F126 /* LoginViewController.swift */,
				9BF4545319D78D390097F126 /* AnswerCardViewCell.xib */,
				9BF4545419D78D390097F126 /* AnswerCollectionViewController.xib */,
				9BF4545519D78D390097F126 /* AnswerCollectionViewController.swift */,
				9BF4545619D78D390097F126 /* AnswerCollectionViewFlowLayout.swift */,
				9BF4545719D78D390097F126 /* UIColorUtils.swift */,
				9BF4545819D78D390097F126 /* AnswerCardViewCell.swift */,
				BEA86C7819D74AF4002818F4 /* Resources */,
				BEA86C5619D74884002818F4 /* AppDelegate.swift */,
				BEA86C5A19D74884002818F4 /* Main.storyboard */,
				BEA86C5D19D74884002818F4 /* Images.xcassets */,
				BEA86C5F19D74884002818F4 /* LaunchScreen.xib */,
				BEA86C5419D74884002818F4 /* Supporting Files */,
				BE46619019D7644000967F9C /* Media.xcassets */,
				BE46619219D7696F00967F9C /* AnswerCollectionViewFlowLayout.swift */,
				BE46619419D7728C00967F9C /* UIColorUtils.swift */,
				72DFCBAA19D753DB00CEFE6B /* Game.swift */,
				72DFCBAC19D7556000CEFE6B /* GCHelper.swift */,
				72DFCBAE19D775E000CEFE6B /* Deck.swift */,
				72DFCBB419D77CA500CEFE6B /* Card.swift */,
				72DFCBB819D7898B00CEFE6B /* TurnData.swift */,
			);
			path = "Swift Against Humanity";
			sourceTree = "<group>";
		};
		BEA86C5419D74884002818F4 /* Supporting Files */ = {
			isa = PBXGroup;
			children = (
				BEA86C5519D74884002818F4 /* Info.plist */,
			);
			name = "Supporting Files";
			sourceTree = "<group>";
		};
		BEA86C6919D74884002818F4 /* Swift Against HumanityTests */ = {
			isa = PBXGroup;
			children = (
				BEA86C6C19D74884002818F4 /* Swift_Against_HumanityTests.swift */,
				BEA86C6A19D74884002818F4 /* Supporting Files */,
			);
			path = "Swift Against HumanityTests";
			sourceTree = "<group>";
		};
		BEA86C6A19D74884002818F4 /* Supporting Files */ = {
			isa = PBXGroup;
			children = (
				BEA86C6B19D74884002818F4 /* Info.plist */,
			);
			name = "Supporting Files";
			sourceTree = "<group>";
		};
		BEA86C7819D74AF4002818F4 /* Resources */ = {
			isa = PBXGroup;
			children = (
				72DFCBB019D778BC00CEFE6B /* Answers.txt */,
				72DFCBB119D778BC00CEFE6B /* Questions.txt */,
			);
			name = Resources;
			sourceTree = "<group>";
		};
/* End PBXGroup section */

/* Begin PBXNativeTarget section */
		BEA86C5019D74884002818F4 /* Swift Against Humanity */ = {
			isa = PBXNativeTarget;
			buildConfigurationList = BEA86C7019D74884002818F4 /* Build configuration list for PBXNativeTarget "Swift Against Humanity" */;
			buildPhases = (
				BEA86C4D19D74884002818F4 /* Sources */,
				BEA86C4E19D74884002818F4 /* Frameworks */,
				BEA86C4F19D74884002818F4 /* Resources */,
			);
			buildRules = (
			);
			dependencies = (
			);
			name = "Swift Against Humanity";
			productName = "Swift Against Humanity";
			productReference = BEA86C5119D74884002818F4 /* Swift Against Humanity.app */;
			productType = "com.apple.product-type.application";
		};
		BEA86C6519D74884002818F4 /* Swift Against HumanityTests */ = {
			isa = PBXNativeTarget;
			buildConfigurationList = BEA86C7319D74884002818F4 /* Build configuration list for PBXNativeTarget "Swift Against HumanityTests" */;
			buildPhases = (
				BEA86C6219D74884002818F4 /* Sources */,
				BEA86C6319D74884002818F4 /* Frameworks */,
				BEA86C6419D74884002818F4 /* Resources */,
			);
			buildRules = (
			);
			dependencies = (
				BEA86C6819D74884002818F4 /* PBXTargetDependency */,
			);
			name = "Swift Against HumanityTests";
			productName = "Swift Against HumanityTests";
			productReference = BEA86C6619D74884002818F4 /* Swift Against HumanityTests.xctest */;
			productType = "com.apple.product-type.bundle.unit-test";
		};
/* End PBXNativeTarget section */

/* Begin PBXProject section */
		BEA86C4919D74884002818F4 /* Project object */ = {
			isa = PBXProject;
			attributes = {
				LastUpgradeCheck = 0600;
				ORGANIZATIONNAME = "Daniel Valencia";
				TargetAttributes = {
					BEA86C5019D74884002818F4 = {
						CreatedOnToolsVersion = 6.0.1;
						DevelopmentTeam = 92RKCQ9WFM;
						SystemCapabilities = {
							com.apple.GameCenter = {
								enabled = 1;
							};
						};
					};
					BEA86C6519D74884002818F4 = {
						CreatedOnToolsVersion = 6.0.1;
						TestTargetID = BEA86C5019D74884002818F4;
					};
				};
			};
			buildConfigurationList = BEA86C4C19D74884002818F4 /* Build configuration list for PBXProject "Swift Against Humanity" */;
			compatibilityVersion = "Xcode 3.2";
			developmentRegion = English;
			hasScannedForEncodings = 0;
			knownRegions = (
				en,
				Base,
			);
			mainGroup = BEA86C4819D74884002818F4;
			productRefGroup = BEA86C5219D74884002818F4 /* Products */;
			projectDirPath = "";
			projectRoot = "";
			targets = (
				BEA86C5019D74884002818F4 /* Swift Against Humanity */,
				BEA86C6519D74884002818F4 /* Swift Against HumanityTests */,
			);
		};
/* End PBXProject section */

/* Begin PBXResourcesBuildPhase section */
		BEA86C4F19D74884002818F4 /* Resources */ = {
			isa = PBXResourcesBuildPhase;
			buildActionMask = 2147483647;
			files = (
				72DFCBB219D778BC00CEFE6B /* Answers.txt in Resources */,
				BEA86C5C19D74884002818F4 /* Main.storyboard in Resources */,
				9BF4545B19D78D390097F126 /* AnswerCardViewCell.xib in Resources */,
				72DFCBB319D778BC00CEFE6B /* Questions.txt in Resources */,
				BEA86C6119D74884002818F4 /* LaunchScreen.xib in Resources */,
				9BF4545C19D78D390097F126 /* AnswerCollectionViewController.xib in Resources */,
				BEA86C5E19D74884002818F4 /* Images.xcassets in Resources */,
			);
			runOnlyForDeploymentPostprocessing = 0;
		};
		BEA86C6419D74884002818F4 /* Resources */ = {
			isa = PBXResourcesBuildPhase;
			buildActionMask = 2147483647;
			files = (
			);
			runOnlyForDeploymentPostprocessing = 0;
		};
/* End PBXResourcesBuildPhase section */

/* Begin PBXSourcesBuildPhase section */
		BEA86C4D19D74884002818F4 /* Sources */ = {
			isa = PBXSourcesBuildPhase;
			buildActionMask = 2147483647;
			files = (
				9BF4545A19D78D390097F126 /* LoginViewController.swift in Sources */,
				BE46619319D7696F00967F9C /* AnswerCollectionViewFlowLayout.swift in Sources */,
				9BF4546019D78D390097F126 /* AnswerCardViewCell.swift in Sources */,
				72DFCBAD19D7556000CEFE6B /* GCHelper.swift in Sources */,
				72DFCBB519D77CA500CEFE6B /* Card.swift in Sources */,
				72DFCBB919D7898B00CEFE6B /* TurnData.swift in Sources */,
				72DFCBAF19D775E000CEFE6B /* Deck.swift in Sources */,
				BEA86C5719D74884002818F4 /* AppDelegate.swift in Sources */,
				9BF4545E19D78D390097F126 /* AnswerCollectionViewFlowLayout.swift in Sources */,
				72DFCBAB19D753DB00CEFE6B /* Game.swift in Sources */,
				9BF4545F19D78D390097F126 /* UIColorUtils.swift in Sources */,
				9BF4545919D78D390097F126 /* GameController.swift in Sources */,
				9BF4545D19D78D390097F126 /* AnswerCollectionViewController.swift in Sources */,
			);
			runOnlyForDeploymentPostprocessing = 0;
		};
		BEA86C6219D74884002818F4 /* Sources */ = {
			isa = PBXSourcesBuildPhase;
			buildActionMask = 2147483647;
			files = (
				BEA86C6D19D74884002818F4 /* Swift_Against_HumanityTests.swift in Sources */,
			);
			runOnlyForDeploymentPostprocessing = 0;
		};
/* End PBXSourcesBuildPhase section */

/* Begin PBXTargetDependency section */
		BEA86C6819D74884002818F4 /* PBXTargetDependency */ = {
			isa = PBXTargetDependency;
			target = BEA86C5019D74884002818F4 /* Swift Against Humanity */;
			targetProxy = BEA86C6719D74884002818F4 /* PBXContainerItemProxy */;
		};
/* End PBXTargetDependency section */

/* Begin PBXVariantGroup section */
		BEA86C5A19D74884002818F4 /* Main.storyboard */ = {
			isa = PBXVariantGroup;
			children = (
				BEA86C5B19D74884002818F4 /* Base */,
			);
			name = Main.storyboard;
			sourceTree = "<group>";
		};
		BEA86C5F19D74884002818F4 /* LaunchScreen.xib */ = {
			isa = PBXVariantGroup;
			children = (
				BEA86C6019D74884002818F4 /* Base */,
			);
			name = LaunchScreen.xib;
			sourceTree = "<group>";
		};
/* End PBXVariantGroup section */

/* Begin XCBuildConfiguration section */
		BEA86C6E19D74884002818F4 /* Debug */ = {
			isa = XCBuildConfiguration;
			buildSettings = {
				ALWAYS_SEARCH_USER_PATHS = NO;
				CLANG_CXX_LANGUAGE_STANDARD = "gnu++0x";
				CLANG_CXX_LIBRARY = "libc++";
				CLANG_ENABLE_MODULES = YES;
				CLANG_ENABLE_OBJC_ARC = YES;
				CLANG_WARN_BOOL_CONVERSION = YES;
				CLANG_WARN_CONSTANT_CONVERSION = YES;
				CLANG_WARN_DIRECT_OBJC_ISA_USAGE = YES_ERROR;
				CLANG_WARN_EMPTY_BODY = YES;
				CLANG_WARN_ENUM_CONVERSION = YES;
				CLANG_WARN_INT_CONVERSION = YES;
				CLANG_WARN_OBJC_ROOT_CLASS = YES_ERROR;
				CLANG_WARN_UNREACHABLE_CODE = YES;
				CLANG_WARN__DUPLICATE_METHOD_MATCH = YES;
				"CODE_SIGN_IDENTITY[sdk=iphoneos*]" = "iPhone Developer";
				COPY_PHASE_STRIP = NO;
				ENABLE_STRICT_OBJC_MSGSEND = YES;
				GCC_C_LANGUAGE_STANDARD = gnu99;
				GCC_DYNAMIC_NO_PIC = NO;
				GCC_OPTIMIZATION_LEVEL = 0;
				GCC_PREPROCESSOR_DEFINITIONS = (
					"DEBUG=1",
					"$(inherited)",
				);
				GCC_SYMBOLS_PRIVATE_EXTERN = NO;
				GCC_WARN_64_TO_32_BIT_CONVERSION = YES;
				GCC_WARN_ABOUT_RETURN_TYPE = YES_ERROR;
				GCC_WARN_UNDECLARED_SELECTOR = YES;
				GCC_WARN_UNINITIALIZED_AUTOS = YES_AGGRESSIVE;
				GCC_WARN_UNUSED_FUNCTION = YES;
				GCC_WARN_UNUSED_VARIABLE = YES;
				IPHONEOS_DEPLOYMENT_TARGET = 8.0;
				MTL_ENABLE_DEBUG_INFO = YES;
				ONLY_ACTIVE_ARCH = YES;
				SDKROOT = iphoneos;
				SWIFT_OPTIMIZATION_LEVEL = "-Onone";
			};
			name = Debug;
		};
		BEA86C6F19D74884002818F4 /* Release */ = {
			isa = XCBuildConfiguration;
			buildSettings = {
				ALWAYS_SEARCH_USER_PATHS = NO;
				CLANG_CXX_LANGUAGE_STANDARD = "gnu++0x";
				CLANG_CXX_LIBRARY = "libc++";
				CLANG_ENABLE_MODULES = YES;
				CLANG_ENABLE_OBJC_ARC = YES;
				CLANG_WARN_BOOL_CONVERSION = YES;
				CLANG_WARN_CONSTANT_CONVERSION = YES;
				CLANG_WARN_DIRECT_OBJC_ISA_USAGE = YES_ERROR;
				CLANG_WARN_EMPTY_BODY = YES;
				CLANG_WARN_ENUM_CONVERSION = YES;
				CLANG_WARN_INT_CONVERSION = YES;
				CLANG_WARN_OBJC_ROOT_CLASS = YES_ERROR;
				CLANG_WARN_UNREACHABLE_CODE = YES;
				CLANG_WARN__DUPLICATE_METHOD_MATCH = YES;
				"CODE_SIGN_IDENTITY[sdk=iphoneos*]" = "iPhone Developer";
				COPY_PHASE_STRIP = YES;
				ENABLE_NS_ASSERTIONS = NO;
				ENABLE_STRICT_OBJC_MSGSEND = YES;
				GCC_C_LANGUAGE_STANDARD = gnu99;
				GCC_WARN_64_TO_32_BIT_CONVERSION = YES;
				GCC_WARN_ABOUT_RETURN_TYPE = YES_ERROR;
				GCC_WARN_UNDECLARED_SELECTOR = YES;
				GCC_WARN_UNINITIALIZED_AUTOS = YES_AGGRESSIVE;
				GCC_WARN_UNUSED_FUNCTION = YES;
				GCC_WARN_UNUSED_VARIABLE = YES;
				IPHONEOS_DEPLOYMENT_TARGET = 8.0;
				MTL_ENABLE_DEBUG_INFO = NO;
				SDKROOT = iphoneos;
				VALIDATE_PRODUCT = YES;
			};
			name = Release;
		};
		BEA86C7119D74884002818F4 /* Debug */ = {
			isa = XCBuildConfiguration;
			buildSettings = {
				ASSETCATALOG_COMPILER_APPICON_NAME = AppIcon;
				CODE_SIGN_IDENTITY = "iPhone Developer";
				"CODE_SIGN_IDENTITY[sdk=iphoneos*]" = "iPhone Developer";
				INFOPLIST_FILE = "Swift Against Humanity/Info.plist";
				IPHONEOS_DEPLOYMENT_TARGET = 7.0;
				LD_RUNPATH_SEARCH_PATHS = "$(inherited) @executable_path/Frameworks";
				PRODUCT_NAME = "$(TARGET_NAME)";
				PROVISIONING_PROFILE = "";
			};
			name = Debug;
		};
		BEA86C7219D74884002818F4 /* Release */ = {
			isa = XCBuildConfiguration;
			buildSettings = {
				ASSETCATALOG_COMPILER_APPICON_NAME = AppIcon;
				CODE_SIGN_IDENTITY = "iPhone Developer";
				"CODE_SIGN_IDENTITY[sdk=iphoneos*]" = "iPhone Developer";
				INFOPLIST_FILE = "Swift Against Humanity/Info.plist";
				IPHONEOS_DEPLOYMENT_TARGET = 7.0;
				LD_RUNPATH_SEARCH_PATHS = "$(inherited) @executable_path/Frameworks";
				PRODUCT_NAME = "$(TARGET_NAME)";
				PROVISIONING_PROFILE = "";
			};
			name = Release;
		};
		BEA86C7419D74884002818F4 /* Debug */ = {
			isa = XCBuildConfiguration;
			buildSettings = {
				BUNDLE_LOADER = "$(TEST_HOST)";
				FRAMEWORK_SEARCH_PATHS = (
					"$(SDKROOT)/Developer/Library/Frameworks",
					"$(inherited)",
				);
				GCC_PREPROCESSOR_DEFINITIONS = (
					"DEBUG=1",
					"$(inherited)",
				);
				INFOPLIST_FILE = "Swift Against HumanityTests/Info.plist";
				LD_RUNPATH_SEARCH_PATHS = "$(inherited) @executable_path/Frameworks @loader_path/Frameworks";
				PRODUCT_NAME = "$(TARGET_NAME)";
				TEST_HOST = "$(BUILT_PRODUCTS_DIR)/Swift Against Humanity.app/Swift Against Humanity";
			};
			name = Debug;
		};
		BEA86C7519D74884002818F4 /* Release */ = {
			isa = XCBuildConfiguration;
			buildSettings = {
				BUNDLE_LOADER = "$(TEST_HOST)";
				FRAMEWORK_SEARCH_PATHS = (
					"$(SDKROOT)/Developer/Library/Frameworks",
					"$(inherited)",
				);
				INFOPLIST_FILE = "Swift Against HumanityTests/Info.plist";
				LD_RUNPATH_SEARCH_PATHS = "$(inherited) @executable_path/Frameworks @loader_path/Frameworks";
				PRODUCT_NAME = "$(TARGET_NAME)";
				TEST_HOST = "$(BUILT_PRODUCTS_DIR)/Swift Against Humanity.app/Swift Against Humanity";
			};
			name = Release;
		};
/* End XCBuildConfiguration section */

/* Begin XCConfigurationList section */
		BEA86C4C19D74884002818F4 /* Build configuration list for PBXProject "Swift Against Humanity" */ = {
			isa = XCConfigurationList;
			buildConfigurations = (
				BEA86C6E19D74884002818F4 /* Debug */,
				BEA86C6F19D74884002818F4 /* Release */,
			);
			defaultConfigurationIsVisible = 0;
			defaultConfigurationName = Release;
		};
		BEA86C7019D74884002818F4 /* Build configuration list for PBXNativeTarget "Swift Against Humanity" */ = {
			isa = XCConfigurationList;
			buildConfigurations = (
				BEA86C7119D74884002818F4 /* Debug */,
				BEA86C7219D74884002818F4 /* Release */,
			);
			defaultConfigurationIsVisible = 0;
			defaultConfigurationName = Release;
		};
		BEA86C7319D74884002818F4 /* Build configuration list for PBXNativeTarget "Swift Against HumanityTests" */ = {
			isa = XCConfigurationList;
			buildConfigurations = (
				BEA86C7419D74884002818F4 /* Debug */,
				BEA86C7519D74884002818F4 /* Release */,
			);
			defaultConfigurationIsVisible = 0;
			defaultConfigurationName = Release;
		};
/* End XCConfigurationList section */
	};
	rootObject = BEA86C4919D74884002818F4 /* Project object */;
}
